
Microsoft Visual Studio Solution File, Format Version 12.00
# Visual Studio 14
VisualStudioVersion = 14.0.25420.1
MinimumVisualStudioVersion = 10.0.40219.1
Project("{2150E333-8FDC-42A3-9474-1A3956D46DE8}") = "Core", "Core", "{FAE9F28B-02F6-4A2D-94DF-8C511D16FA5D}"
EndProject
Project("{8BB2217D-0F2D-49D1-97BC-3654ED321F3B}") = "Ornament", "Core\Ornament\Ornament.xproj", "{5201B99C-D330-48E1-9A66-9F803A75556B}"
EndProject
Project("{8BB2217D-0F2D-49D1-97BC-3654ED321F3B}") = "Ornament.Web", "Core\Ornament.Web\Ornament.Web.xproj", "{4F058942-5A5D-4B59-AE48-608D84C23149}"
EndProject
Project("{2150E333-8FDC-42A3-9474-1A3956D46DE8}") = "WebApplication", "WebApplication", "{9015CCAD-7E48-48A3-AD83-E4A1FC091BA6}"
EndProject
Project("{8BB2217D-0F2D-49D1-97BC-3654ED321F3B}") = "WebApi", "WebApplication\WebApi\WebApi.xproj", "{A032072D-304D-4143-A8C6-6B62442D0B93}"
EndProject
Project("{2150E333-8FDC-42A3-9474-1A3956D46DE8}") = "Notify", "Notify", "{F3F39B1D-DECA-41C2-862C-832169C3B28A}"
EndProject
Project("{8BB2217D-0F2D-49D1-97BC-3654ED321F3B}") = "Ornament.Notify", "Notify\Ornament.Notify\Ornament.Notify.xproj", "{AF86A031-5B5F-4EB8-A261-EC8A63A2CDCB}"
EndProject
Project("{8BB2217D-0F2D-49D1-97BC-3654ED321F3B}") = "Ornament.Template", "Notify\Ornament.Template\Ornament.Template.xproj", "{65BF0536-A149-4616-916E-D4FFADD46C57}"
EndProject
Project("{2150E333-8FDC-42A3-9474-1A3956D46DE8}") = "Database", "Database", "{32B401D0-B913-4608-AA39-202C59651ED3}"
EndProject
Project("{8BB2217D-0F2D-49D1-97BC-3654ED321F3B}") = "Ornament.DbConnection", "Uow\Ornament.DbConnection\Ornament.DbConnection.xproj", "{1CE9B578-6682-41D7-BB4C-F2C492AAF1EB}"
EndProject
Project("{8BB2217D-0F2D-49D1-97BC-3654ED321F3B}") = "Ornament.EntityFramework", "Uow\Ornament.EntityFramework\Ornament.EntityFramework.xproj", "{E658DD54-BDD2-4DC1-AC14-6944E578193A}"
EndProject
Project("{8BB2217D-0F2D-49D1-97BC-3654ED321F3B}") = "Ornament.NHibernate", "Uow\Ornament.NHibernate\Ornament.NHibernate.xproj", "{D8702B6A-842D-48DA-8886-1DC2D3A4478B}"
EndProject
Project("{8BB2217D-0F2D-49D1-97BC-3654ED321F3B}") = "Ornament.UnitTest", "Core\Ornament.UnitTest\Ornament.UnitTest.xproj", "{E97C6EC5-4377-4957-96F8-E4A3EE3ABDC4}"
EndProject
Project("{8BB2217D-0F2D-49D1-97BC-3654ED321F3B}") = "Web", "WebApplication\Web\Web.xproj", "{088EC32B-60B9-4E5C-9FF6-4CF4DF9D19A5}"
EndProject
Project("{2150E333-8FDC-42A3-9474-1A3956D46DE8}") = "Solution Items", "Solution Items", "{40B3FE76-6970-4948-B336-3534B74365EA}"
	ProjectSection(SolutionItems) = preProject
		global.json = global.json
	EndProjectSection
EndProject
Project("{2150E333-8FDC-42A3-9474-1A3956D46DE8}") = "Membership", "Membership", "{6CB2BE19-BE58-4A3C-9F08-9378296DA7B2}"
EndProject
Project("{8BB2217D-0F2D-49D1-97BC-3654ED321F3B}") = "Ornament.Identity", "MemberShip\Ornament.Identity\Ornament.Identity.xproj", "{C486F035-C82B-46F2-9C94-BC6EBCA74DDA}"
EndProject
Global
	GlobalSection(SolutionConfigurationPlatforms) = preSolution
		Debug|Any CPU = Debug|Any CPU
		Release|Any CPU = Release|Any CPU
	EndGlobalSection
	GlobalSection(ProjectConfigurationPlatforms) = postSolution
		{5201B99C-D330-48E1-9A66-9F803A75556B}.Debug|Any CPU.ActiveCfg = Debug|Any CPU
		{5201B99C-D330-48E1-9A66-9F803A75556B}.Debug|Any CPU.Build.0 = Debug|Any CPU
		{5201B99C-D330-48E1-9A66-9F803A75556B}.Release|Any CPU.ActiveCfg = Release|Any CPU
		{5201B99C-D330-48E1-9A66-9F803A75556B}.Release|Any CPU.Build.0 = Release|Any CPU
		{4F058942-5A5D-4B59-AE48-608D84C23149}.Debug|Any CPU.ActiveCfg = Debug|Any CPU
		{4F058942-5A5D-4B59-AE48-608D84C23149}.Debug|Any CPU.Build.0 = Debug|Any CPU
		{4F058942-5A5D-4B59-AE48-608D84C23149}.Release|Any CPU.ActiveCfg = Release|Any CPU
		{4F058942-5A5D-4B59-AE48-608D84C23149}.Release|Any CPU.Build.0 = Release|Any CPU
		{A032072D-304D-4143-A8C6-6B62442D0B93}.Debug|Any CPU.ActiveCfg = Debug|Any CPU
		{A032072D-304D-4143-A8C6-6B62442D0B93}.Debug|Any CPU.Build.0 = Debug|Any CPU
		{A032072D-304D-4143-A8C6-6B62442D0B93}.Release|Any CPU.ActiveCfg = Release|Any CPU
		{A032072D-304D-4143-A8C6-6B62442D0B93}.Release|Any CPU.Build.0 = Release|Any CPU
		{AF86A031-5B5F-4EB8-A261-EC8A63A2CDCB}.Debug|Any CPU.ActiveCfg = Debug|Any CPU
		{AF86A031-5B5F-4EB8-A261-EC8A63A2CDCB}.Debug|Any CPU.Build.0 = Debug|Any CPU
		{AF86A031-5B5F-4EB8-A261-EC8A63A2CDCB}.Release|Any CPU.ActiveCfg = Release|Any CPU
		{AF86A031-5B5F-4EB8-A261-EC8A63A2CDCB}.Release|Any CPU.Build.0 = Release|Any CPU
		{65BF0536-A149-4616-916E-D4FFADD46C57}.Debug|Any CPU.ActiveCfg = Debug|Any CPU
		{65BF0536-A149-4616-916E-D4FFADD46C57}.Debug|Any CPU.Build.0 = Debug|Any CPU
		{65BF0536-A149-4616-916E-D4FFADD46C57}.Release|Any CPU.ActiveCfg = Release|Any CPU
		{65BF0536-A149-4616-916E-D4FFADD46C57}.Release|Any CPU.Build.0 = Release|Any CPU
		{1CE9B578-6682-41D7-BB4C-F2C492AAF1EB}.Debug|Any CPU.ActiveCfg = Debug|Any CPU
		{1CE9B578-6682-41D7-BB4C-F2C492AAF1EB}.Debug|Any CPU.Build.0 = Debug|Any CPU
		{1CE9B578-6682-41D7-BB4C-F2C492AAF1EB}.Release|Any CPU.ActiveCfg = Release|Any CPU
		{1CE9B578-6682-41D7-BB4C-F2C492AAF1EB}.Release|Any CPU.Build.0 = Release|Any CPU
		{E658DD54-BDD2-4DC1-AC14-6944E578193A}.Debug|Any CPU.ActiveCfg = Debug|Any CPU
		{E658DD54-BDD2-4DC1-AC14-6944E578193A}.Debug|Any CPU.Build.0 = Debug|Any CPU
		{E658DD54-BDD2-4DC1-AC14-6944E578193A}.Release|Any CPU.ActiveCfg = Release|Any CPU
		{E658DD54-BDD2-4DC1-AC14-6944E578193A}.Release|Any CPU.Build.0 = Release|Any CPU
		{D8702B6A-842D-48DA-8886-1DC2D3A4478B}.Debug|Any CPU.ActiveCfg = Debug|Any CPU
		{D8702B6A-842D-48DA-8886-1DC2D3A4478B}.Debug|Any CPU.Build.0 = Debug|Any CPU
		{D8702B6A-842D-48DA-8886-1DC2D3A4478B}.Release|Any CPU.ActiveCfg = Release|Any CPU
		{D8702B6A-842D-48DA-8886-1DC2D3A4478B}.Release|Any CPU.Build.0 = Release|Any CPU
		{E97C6EC5-4377-4957-96F8-E4A3EE3ABDC4}.Debug|Any CPU.ActiveCfg = Debug|Any CPU
		{E97C6EC5-4377-4957-96F8-E4A3EE3ABDC4}.Debug|Any CPU.Build.0 = Debug|Any CPU
		{E97C6EC5-4377-4957-96F8-E4A3EE3ABDC4}.Release|Any CPU.ActiveCfg = Release|Any CPU
		{E97C6EC5-4377-4957-96F8-E4A3EE3ABDC4}.Release|Any CPU.Build.0 = Release|Any CPU
		{088EC32B-60B9-4E5C-9FF6-4CF4DF9D19A5}.Debug|Any CPU.ActiveCfg = Debug|Any CPU
		{088EC32B-60B9-4E5C-9FF6-4CF4DF9D19A5}.Debug|Any CPU.Build.0 = Debug|Any CPU
		{088EC32B-60B9-4E5C-9FF6-4CF4DF9D19A5}.Release|Any CPU.ActiveCfg = Release|Any CPU
		{088EC32B-60B9-4E5C-9FF6-4CF4DF9D19A5}.Release|Any CPU.Build.0 = Release|Any CPU
		{C486F035-C82B-46F2-9C94-BC6EBCA74DDA}.Debug|Any CPU.ActiveCfg = Debug|Any CPU
		{C486F035-C82B-46F2-9C94-BC6EBCA74DDA}.Debug|Any CPU.Build.0 = Debug|Any CPU
		{C486F035-C82B-46F2-9C94-BC6EBCA74DDA}.Release|Any CPU.ActiveCfg = Release|Any CPU
		{C486F035-C82B-46F2-9C94-BC6EBCA74DDA}.Release|Any CPU.Build.0 = Release|Any CPU
	EndGlobalSection
	GlobalSection(SolutionProperties) = preSolution
		HideSolutionNode = FALSE
	EndGlobalSection
	GlobalSection(NestedProjects) = preSolution
		{5201B99C-D330-48E1-9A66-9F803A75556B} = {FAE9F28B-02F6-4A2D-94DF-8C511D16FA5D}
		{4F058942-5A5D-4B59-AE48-608D84C23149} = {FAE9F28B-02F6-4A2D-94DF-8C511D16FA5D}
		{A032072D-304D-4143-A8C6-6B62442D0B93} = {9015CCAD-7E48-48A3-AD83-E4A1FC091BA6}
		{AF86A031-5B5F-4EB8-A261-EC8A63A2CDCB} = {F3F39B1D-DECA-41C2-862C-832169C3B28A}
		{65BF0536-A149-4616-916E-D4FFADD46C57} = {F3F39B1D-DECA-41C2-862C-832169C3B28A}
		{1CE9B578-6682-41D7-BB4C-F2C492AAF1EB} = {32B401D0-B913-4608-AA39-202C59651ED3}
		{E658DD54-BDD2-4DC1-AC14-6944E578193A} = {32B401D0-B913-4608-AA39-202C59651ED3}
		{D8702B6A-842D-48DA-8886-1DC2D3A4478B} = {32B401D0-B913-4608-AA39-202C59651ED3}
		{E97C6EC5-4377-4957-96F8-E4A3EE3ABDC4} = {FAE9F28B-02F6-4A2D-94DF-8C511D16FA5D}
		{088EC32B-60B9-4E5C-9FF6-4CF4DF9D19A5} = {9015CCAD-7E48-48A3-AD83-E4A1FC091BA6}
		{C486F035-C82B-46F2-9C94-BC6EBCA74DDA} = {6CB2BE19-BE58-4A3C-9F08-9378296DA7B2}
	EndGlobalSection
EndGlobal
