
Microsoft Visual Studio Solution File, Format Version 12.00
# Visual Studio 14
VisualStudioVersion = 14.0.25420.1
MinimumVisualStudioVersion = 10.0.40219.1
Project("{2150E333-8FDC-42A3-9474-1A3956D46DE8}") = "Core", "Core", "{FAE9F28B-02F6-4A2D-94DF-8C511D16FA5D}"
EndProject
Project("{8BB2217D-0F2D-49D1-97BC-3654ED321F3B}") = "Ornament", "Core\Ornament\Ornament.xproj", "{5201B99C-D330-48E1-9A66-9F803A75556B}"
EndProject
Project("{8BB2217D-0F2D-49D1-97BC-3654ED321F3B}") = "Ornament.Web", "Core\Ornament.Web\Ornament.Web.xproj", "{4F058942-5A5D-4B59-AE48-608D84C23149}"
EndProject
Project("{2150E333-8FDC-42A3-9474-1A3956D46DE8}") = "WebApplication", "WebApplication", "{9015CCAD-7E48-48A3-AD83-E4A1FC091BA6}"
EndProject
Project("{2150E333-8FDC-42A3-9474-1A3956D46DE8}") = "Database", "Database", "{32B401D0-B913-4608-AA39-202C59651ED3}"
EndProject
Project("{8BB2217D-0F2D-49D1-97BC-3654ED321F3B}") = "Ornament.NHibernate", "Uow\Ornament.NHibernate\Ornament.NHibernate.xproj", "{D8702B6A-842D-48DA-8886-1DC2D3A4478B}"
EndProject
Project("{8BB2217D-0F2D-49D1-97BC-3654ED321F3B}") = "Ornament.UnitTest", "Core\Ornament.UnitTest\Ornament.UnitTest.xproj", "{E97C6EC5-4377-4957-96F8-E4A3EE3ABDC4}"
EndProject
Project("{2150E333-8FDC-42A3-9474-1A3956D46DE8}") = "Solution Items", "Solution Items", "{40B3FE76-6970-4948-B336-3534B74365EA}"
	ProjectSection(SolutionItems) = preProject
		global.json = global.json
	EndProjectSection
EndProject
Project("{2150E333-8FDC-42A3-9474-1A3956D46DE8}") = "Membership", "Membership", "{6CB2BE19-BE58-4A3C-9F08-9378296DA7B2}"
EndProject
Project("{8BB2217D-0F2D-49D1-97BC-3654ED321F3B}") = "Ornament.Identity", "MemberShip\Ornament.Identity\Ornament.Identity.xproj", "{C486F035-C82B-46F2-9C94-BC6EBCA74DDA}"
EndProject
Project("{8BB2217D-0F2D-49D1-97BC-3654ED321F3B}") = "Ornament.Identity.Dao.NhImple", "MemberShip\Ornament.Identity.Dao.NhImple\Ornament.Identity.Dao.NhImple.xproj", "{34183751-DC30-45CF-9431-17B78F7018E9}"
EndProject
Project("{8BB2217D-0F2D-49D1-97BC-3654ED321F3B}") = "FullWeb", "WebApplication\FullWeb\FullWeb.xproj", "{764EDF87-294B-47D7-9AD2-FBD3503D04B2}"
EndProject
Project("{8BB2217D-0F2D-49D1-97BC-3654ED321F3B}") = "Ornament.DbConnection", "Uow\Ornament.DbConnection\Ornament.DbConnection.xproj", "{1CE9B578-6682-41D7-BB4C-F2C492AAF1EB}"
EndProject
Project("{8BB2217D-0F2D-49D1-97BC-3654ED321F3B}") = "Ornament.Identity.Enterprise", "MemberShip\Ornament.Identity.Enterprise.Extentions\Ornament.Identity.Enterprise.xproj", "{C75673DC-F1F0-4B3E-8AC1-0F7308AA5318}"
EndProject
Project("{8BB2217D-0F2D-49D1-97BC-3654ED321F3B}") = "Ornament.Identity.Enterprise.Dao.NHImple", "MemberShip\Ornament.Identity.Enterprise.Dao.NHImple\Ornament.Identity.Enterprise.Dao.NHImple.xproj", "{FD0A8210-D0A2-440B-B1A3-38C12C6DC706}"
EndProject
Global
	GlobalSection(SolutionConfigurationPlatforms) = preSolution
		Debug|Any CPU = Debug|Any CPU
		Release|Any CPU = Release|Any CPU
	EndGlobalSection
	GlobalSection(ProjectConfigurationPlatforms) = postSolution
		{5201B99C-D330-48E1-9A66-9F803A75556B}.Debug|Any CPU.ActiveCfg = Debug|Any CPU
		{5201B99C-D330-48E1-9A66-9F803A75556B}.Debug|Any CPU.Build.0 = Debug|Any CPU
		{5201B99C-D330-48E1-9A66-9F803A75556B}.Release|Any CPU.ActiveCfg = Release|Any CPU
		{5201B99C-D330-48E1-9A66-9F803A75556B}.Release|Any CPU.Build.0 = Release|Any CPU
		{4F058942-5A5D-4B59-AE48-608D84C23149}.Debug|Any CPU.ActiveCfg = Debug|Any CPU
		{4F058942-5A5D-4B59-AE48-608D84C23149}.Debug|Any CPU.Build.0 = Debug|Any CPU
		{4F058942-5A5D-4B59-AE48-608D84C23149}.Release|Any CPU.ActiveCfg = Release|Any CPU
		{4F058942-5A5D-4B59-AE48-608D84C23149}.Release|Any CPU.Build.0 = Release|Any CPU
		{D8702B6A-842D-48DA-8886-1DC2D3A4478B}.Debug|Any CPU.ActiveCfg = Debug|Any CPU
		{D8702B6A-842D-48DA-8886-1DC2D3A4478B}.Debug|Any CPU.Build.0 = Debug|Any CPU
		{D8702B6A-842D-48DA-8886-1DC2D3A4478B}.Release|Any CPU.ActiveCfg = Release|Any CPU
		{D8702B6A-842D-48DA-8886-1DC2D3A4478B}.Release|Any CPU.Build.0 = Release|Any CPU
		{E97C6EC5-4377-4957-96F8-E4A3EE3ABDC4}.Debug|Any CPU.ActiveCfg = Debug|Any CPU
		{E97C6EC5-4377-4957-96F8-E4A3EE3ABDC4}.Debug|Any CPU.Build.0 = Debug|Any CPU
		{E97C6EC5-4377-4957-96F8-E4A3EE3ABDC4}.Release|Any CPU.ActiveCfg = Release|Any CPU
		{E97C6EC5-4377-4957-96F8-E4A3EE3ABDC4}.Release|Any CPU.Build.0 = Release|Any CPU
		{C486F035-C82B-46F2-9C94-BC6EBCA74DDA}.Debug|Any CPU.ActiveCfg = Debug|Any CPU
		{C486F035-C82B-46F2-9C94-BC6EBCA74DDA}.Debug|Any CPU.Build.0 = Debug|Any CPU
		{C486F035-C82B-46F2-9C94-BC6EBCA74DDA}.Release|Any CPU.ActiveCfg = Release|Any CPU
		{C486F035-C82B-46F2-9C94-BC6EBCA74DDA}.Release|Any CPU.Build.0 = Release|Any CPU
		{34183751-DC30-45CF-9431-17B78F7018E9}.Debug|Any CPU.ActiveCfg = Debug|Any CPU
		{34183751-DC30-45CF-9431-17B78F7018E9}.Debug|Any CPU.Build.0 = Debug|Any CPU
		{34183751-DC30-45CF-9431-17B78F7018E9}.Release|Any CPU.ActiveCfg = Release|Any CPU
		{34183751-DC30-45CF-9431-17B78F7018E9}.Release|Any CPU.Build.0 = Release|Any CPU
		{764EDF87-294B-47D7-9AD2-FBD3503D04B2}.Debug|Any CPU.ActiveCfg = Debug|Any CPU
		{764EDF87-294B-47D7-9AD2-FBD3503D04B2}.Debug|Any CPU.Build.0 = Debug|Any CPU
		{764EDF87-294B-47D7-9AD2-FBD3503D04B2}.Release|Any CPU.ActiveCfg = Release|Any CPU
		{764EDF87-294B-47D7-9AD2-FBD3503D04B2}.Release|Any CPU.Build.0 = Release|Any CPU
		{1CE9B578-6682-41D7-BB4C-F2C492AAF1EB}.Debug|Any CPU.ActiveCfg = Debug|Any CPU
		{1CE9B578-6682-41D7-BB4C-F2C492AAF1EB}.Debug|Any CPU.Build.0 = Debug|Any CPU
		{1CE9B578-6682-41D7-BB4C-F2C492AAF1EB}.Release|Any CPU.ActiveCfg = Release|Any CPU
		{1CE9B578-6682-41D7-BB4C-F2C492AAF1EB}.Release|Any CPU.Build.0 = Release|Any CPU
		{C75673DC-F1F0-4B3E-8AC1-0F7308AA5318}.Debug|Any CPU.ActiveCfg = Debug|Any CPU
		{C75673DC-F1F0-4B3E-8AC1-0F7308AA5318}.Debug|Any CPU.Build.0 = Debug|Any CPU
		{C75673DC-F1F0-4B3E-8AC1-0F7308AA5318}.Release|Any CPU.ActiveCfg = Release|Any CPU
		{C75673DC-F1F0-4B3E-8AC1-0F7308AA5318}.Release|Any CPU.Build.0 = Release|Any CPU
		{FD0A8210-D0A2-440B-B1A3-38C12C6DC706}.Debug|Any CPU.ActiveCfg = Debug|Any CPU
		{FD0A8210-D0A2-440B-B1A3-38C12C6DC706}.Debug|Any CPU.Build.0 = Debug|Any CPU
		{FD0A8210-D0A2-440B-B1A3-38C12C6DC706}.Release|Any CPU.ActiveCfg = Release|Any CPU
		{FD0A8210-D0A2-440B-B1A3-38C12C6DC706}.Release|Any CPU.Build.0 = Release|Any CPU
	EndGlobalSection
	GlobalSection(SolutionProperties) = preSolution
		HideSolutionNode = FALSE
	EndGlobalSection
	GlobalSection(NestedProjects) = preSolution
		{5201B99C-D330-48E1-9A66-9F803A75556B} = {FAE9F28B-02F6-4A2D-94DF-8C511D16FA5D}
		{4F058942-5A5D-4B59-AE48-608D84C23149} = {FAE9F28B-02F6-4A2D-94DF-8C511D16FA5D}
		{D8702B6A-842D-48DA-8886-1DC2D3A4478B} = {32B401D0-B913-4608-AA39-202C59651ED3}
		{E97C6EC5-4377-4957-96F8-E4A3EE3ABDC4} = {FAE9F28B-02F6-4A2D-94DF-8C511D16FA5D}
		{C486F035-C82B-46F2-9C94-BC6EBCA74DDA} = {6CB2BE19-BE58-4A3C-9F08-9378296DA7B2}
		{34183751-DC30-45CF-9431-17B78F7018E9} = {6CB2BE19-BE58-4A3C-9F08-9378296DA7B2}
		{764EDF87-294B-47D7-9AD2-FBD3503D04B2} = {9015CCAD-7E48-48A3-AD83-E4A1FC091BA6}
		{1CE9B578-6682-41D7-BB4C-F2C492AAF1EB} = {32B401D0-B913-4608-AA39-202C59651ED3}
		{C75673DC-F1F0-4B3E-8AC1-0F7308AA5318} = {6CB2BE19-BE58-4A3C-9F08-9378296DA7B2}
		{FD0A8210-D0A2-440B-B1A3-38C12C6DC706} = {6CB2BE19-BE58-4A3C-9F08-9378296DA7B2}
	EndGlobalSection
EndGlobal
