
Microsoft Visual Studio Solution File, Format Version 12.00
# Visual Studio 14
VisualStudioVersion = 14.0.25123.0
MinimumVisualStudioVersion = 10.0.40219.1
Project("{2150E333-8FDC-42A3-9474-1A3956D46DE8}") = "Solution Items", "Solution Items", "{4F1998B1-17E4-4AC2-A416-32DDD2797761}"
	ProjectSection(SolutionItems) = preProject
		global.json = global.json
	EndProjectSection
EndProject
Project("{2150E333-8FDC-42A3-9474-1A3956D46DE8}") = "MemberShip", "MemberShip", "{CB1352DC-78FD-47D9-9F5E-DBD51E7589D0}"
EndProject
Project("{2150E333-8FDC-42A3-9474-1A3956D46DE8}") = "Core", "Core", "{09D43CA3-05B5-4E60-AEEA-D004AE7B47B1}"
EndProject
Project("{8BB2217D-0F2D-49D1-97BC-3654ED321F3B}") = "Ornament", "Core\Ornament\Ornament.xproj", "{5201B99C-D330-48E1-9A66-9F803A75556B}"
EndProject
Project("{2150E333-8FDC-42A3-9474-1A3956D46DE8}") = "Extensions", "Extensions", "{2609E229-6C72-4DCE-B225-47EDF8FDF0FE}"
EndProject
Project("{8BB2217D-0F2D-49D1-97BC-3654ED321F3B}") = "Ornament.Web", "Core\Ornament.Web\Ornament.Web.xproj", "{4F058942-5A5D-4B59-AE48-608D84C23149}"
EndProject
Project("{8BB2217D-0F2D-49D1-97BC-3654ED321F3B}") = "Ornament.Identity", "MemberShip\Ornament.Identity\Ornament.Identity.xproj", "{C486F035-C82B-46F2-9C94-BC6EBCA74DDA}"
EndProject
Project("{8BB2217D-0F2D-49D1-97BC-3654ED321F3B}") = "Ornament.Identity.Web", "MemberShip\Ornament.Identity.Web\Ornament.Identity.Web.xproj", "{EEA223BE-5ED6-450B-A114-3D67D084B5FF}"
EndProject
Project("{2150E333-8FDC-42A3-9474-1A3956D46DE8}") = "WebApplication", "WebApplication", "{B90BA28E-1137-4AC9-96A9-4C2FA34BB02F}"
EndProject
Project("{8BB2217D-0F2D-49D1-97BC-3654ED321F3B}") = "Web", "WebApplication\Web\Web.xproj", "{B68137E2-0684-4025-A5F5-9679AF8ECAD5}"
EndProject
Project("{8BB2217D-0F2D-49D1-97BC-3654ED321F3B}") = "WebFull", "WebApplication\WebFull\WebFull.xproj", "{8E31C86D-DC44-4791-8B0B-118FFAF032E3}"
EndProject
Project("{8BB2217D-0F2D-49D1-97BC-3654ED321F3B}") = "WebApi", "WebApplication\WebApi\WebApi.xproj", "{298F3FD4-8AF8-471D-AE0C-44DC7DF4240A}"
EndProject
Project("{8BB2217D-0F2D-49D1-97BC-3654ED321F3B}") = "Ornament.EntityFramework", "Extensions\Ornament.EntityFramework\Ornament.EntityFramework.xproj", "{E658DD54-BDD2-4DC1-AC14-6944E578193A}"
EndProject
Project("{8BB2217D-0F2D-49D1-97BC-3654ED321F3B}") = "Ornament.NHibernate", "Extensions\Ornament.NHibernate\Ornament.NHibernate.xproj", "{D8702B6A-842D-48DA-8886-1DC2D3A4478B}"
EndProject
Project("{8BB2217D-0F2D-49D1-97BC-3654ED321F3B}") = "Ornament.Identity.Dao.NhImple", "MemberShip\Ornament.Identity.Dao.NhImple\Ornament.Identity.Dao.NhImple.xproj", "{34183751-DC30-45CF-9431-17B78F7018E9}"
EndProject
Project("{FAE04EC0-301F-11D3-BF4B-00C04F79EFBC}") = "ClassicWebApplication", "WebApplication\ClassicWebApplication\ClassicWebApplication.csproj", "{65D7B7A1-1B33-46C0-8985-415BC7264A10}"
EndProject
Project("{2150E333-8FDC-42A3-9474-1A3956D46DE8}") = "Wiki", "Wiki", "{076F59B4-F419-48B8-B3EF-3FB5383954A4}"
EndProject
Project("{8BB2217D-0F2D-49D1-97BC-3654ED321F3B}") = "Ornament.Identity.Dao.EntityFramework", "MemberShip\Ornament.Identity.Dao.EntityFramework\Ornament.Identity.Dao.EntityFramework.xproj", "{AD6E4E4F-1218-40B6-B92E-6E1175444B5F}"
EndProject
Project("{2150E333-8FDC-42A3-9474-1A3956D46DE8}") = "Example", "Example", "{8F284497-F9E4-4657-A3F0-E87ED788B14B}"
EndProject
Global
	GlobalSection(SolutionConfigurationPlatforms) = preSolution
		Debug|Any CPU = Debug|Any CPU
		Debug|Mixed Platforms = Debug|Mixed Platforms
		Debug|x86 = Debug|x86
		Release|Any CPU = Release|Any CPU
		Release|Mixed Platforms = Release|Mixed Platforms
		Release|x86 = Release|x86
	EndGlobalSection
	GlobalSection(ProjectConfigurationPlatforms) = postSolution
		{5201B99C-D330-48E1-9A66-9F803A75556B}.Debug|Any CPU.ActiveCfg = Debug|Any CPU
		{5201B99C-D330-48E1-9A66-9F803A75556B}.Debug|Any CPU.Build.0 = Debug|Any CPU
		{5201B99C-D330-48E1-9A66-9F803A75556B}.Debug|Mixed Platforms.ActiveCfg = Debug|Any CPU
		{5201B99C-D330-48E1-9A66-9F803A75556B}.Debug|Mixed Platforms.Build.0 = Debug|Any CPU
		{5201B99C-D330-48E1-9A66-9F803A75556B}.Debug|x86.ActiveCfg = Debug|Any CPU
		{5201B99C-D330-48E1-9A66-9F803A75556B}.Debug|x86.Build.0 = Debug|Any CPU
		{5201B99C-D330-48E1-9A66-9F803A75556B}.Release|Any CPU.ActiveCfg = Release|Any CPU
		{5201B99C-D330-48E1-9A66-9F803A75556B}.Release|Any CPU.Build.0 = Release|Any CPU
		{5201B99C-D330-48E1-9A66-9F803A75556B}.Release|Mixed Platforms.ActiveCfg = Release|Any CPU
		{5201B99C-D330-48E1-9A66-9F803A75556B}.Release|Mixed Platforms.Build.0 = Release|Any CPU
		{5201B99C-D330-48E1-9A66-9F803A75556B}.Release|x86.ActiveCfg = Release|Any CPU
		{5201B99C-D330-48E1-9A66-9F803A75556B}.Release|x86.Build.0 = Release|Any CPU
		{4F058942-5A5D-4B59-AE48-608D84C23149}.Debug|Any CPU.ActiveCfg = Debug|Any CPU
		{4F058942-5A5D-4B59-AE48-608D84C23149}.Debug|Any CPU.Build.0 = Debug|Any CPU
		{4F058942-5A5D-4B59-AE48-608D84C23149}.Debug|Mixed Platforms.ActiveCfg = Debug|Any CPU
		{4F058942-5A5D-4B59-AE48-608D84C23149}.Debug|Mixed Platforms.Build.0 = Debug|Any CPU
		{4F058942-5A5D-4B59-AE48-608D84C23149}.Debug|x86.ActiveCfg = Debug|Any CPU
		{4F058942-5A5D-4B59-AE48-608D84C23149}.Debug|x86.Build.0 = Debug|Any CPU
		{4F058942-5A5D-4B59-AE48-608D84C23149}.Release|Any CPU.ActiveCfg = Release|Any CPU
		{4F058942-5A5D-4B59-AE48-608D84C23149}.Release|Any CPU.Build.0 = Release|Any CPU
		{4F058942-5A5D-4B59-AE48-608D84C23149}.Release|Mixed Platforms.ActiveCfg = Release|Any CPU
		{4F058942-5A5D-4B59-AE48-608D84C23149}.Release|Mixed Platforms.Build.0 = Release|Any CPU
		{4F058942-5A5D-4B59-AE48-608D84C23149}.Release|x86.ActiveCfg = Release|Any CPU
		{4F058942-5A5D-4B59-AE48-608D84C23149}.Release|x86.Build.0 = Release|Any CPU
		{C486F035-C82B-46F2-9C94-BC6EBCA74DDA}.Debug|Any CPU.ActiveCfg = Debug|Any CPU
		{C486F035-C82B-46F2-9C94-BC6EBCA74DDA}.Debug|Any CPU.Build.0 = Debug|Any CPU
		{C486F035-C82B-46F2-9C94-BC6EBCA74DDA}.Debug|Mixed Platforms.ActiveCfg = Debug|Any CPU
		{C486F035-C82B-46F2-9C94-BC6EBCA74DDA}.Debug|Mixed Platforms.Build.0 = Debug|Any CPU
		{C486F035-C82B-46F2-9C94-BC6EBCA74DDA}.Debug|x86.ActiveCfg = Debug|Any CPU
		{C486F035-C82B-46F2-9C94-BC6EBCA74DDA}.Debug|x86.Build.0 = Debug|Any CPU
		{C486F035-C82B-46F2-9C94-BC6EBCA74DDA}.Release|Any CPU.ActiveCfg = Release|Any CPU
		{C486F035-C82B-46F2-9C94-BC6EBCA74DDA}.Release|Any CPU.Build.0 = Release|Any CPU
		{C486F035-C82B-46F2-9C94-BC6EBCA74DDA}.Release|Mixed Platforms.ActiveCfg = Release|Any CPU
		{C486F035-C82B-46F2-9C94-BC6EBCA74DDA}.Release|Mixed Platforms.Build.0 = Release|Any CPU
		{C486F035-C82B-46F2-9C94-BC6EBCA74DDA}.Release|x86.ActiveCfg = Release|Any CPU
		{C486F035-C82B-46F2-9C94-BC6EBCA74DDA}.Release|x86.Build.0 = Release|Any CPU
		{EEA223BE-5ED6-450B-A114-3D67D084B5FF}.Debug|Any CPU.ActiveCfg = Debug|Any CPU
		{EEA223BE-5ED6-450B-A114-3D67D084B5FF}.Debug|Any CPU.Build.0 = Debug|Any CPU
		{EEA223BE-5ED6-450B-A114-3D67D084B5FF}.Debug|Mixed Platforms.ActiveCfg = Debug|Any CPU
		{EEA223BE-5ED6-450B-A114-3D67D084B5FF}.Debug|Mixed Platforms.Build.0 = Debug|Any CPU
		{EEA223BE-5ED6-450B-A114-3D67D084B5FF}.Debug|x86.ActiveCfg = Debug|Any CPU
		{EEA223BE-5ED6-450B-A114-3D67D084B5FF}.Debug|x86.Build.0 = Debug|Any CPU
		{EEA223BE-5ED6-450B-A114-3D67D084B5FF}.Release|Any CPU.ActiveCfg = Release|Any CPU
		{EEA223BE-5ED6-450B-A114-3D67D084B5FF}.Release|Any CPU.Build.0 = Release|Any CPU
		{EEA223BE-5ED6-450B-A114-3D67D084B5FF}.Release|Mixed Platforms.ActiveCfg = Release|Any CPU
		{EEA223BE-5ED6-450B-A114-3D67D084B5FF}.Release|Mixed Platforms.Build.0 = Release|Any CPU
		{EEA223BE-5ED6-450B-A114-3D67D084B5FF}.Release|x86.ActiveCfg = Release|Any CPU
		{EEA223BE-5ED6-450B-A114-3D67D084B5FF}.Release|x86.Build.0 = Release|Any CPU
		{B68137E2-0684-4025-A5F5-9679AF8ECAD5}.Debug|Any CPU.ActiveCfg = Debug|Any CPU
		{B68137E2-0684-4025-A5F5-9679AF8ECAD5}.Debug|Any CPU.Build.0 = Debug|Any CPU
		{B68137E2-0684-4025-A5F5-9679AF8ECAD5}.Debug|Mixed Platforms.ActiveCfg = Debug|Any CPU
		{B68137E2-0684-4025-A5F5-9679AF8ECAD5}.Debug|Mixed Platforms.Build.0 = Debug|Any CPU
		{B68137E2-0684-4025-A5F5-9679AF8ECAD5}.Debug|x86.ActiveCfg = Debug|Any CPU
		{B68137E2-0684-4025-A5F5-9679AF8ECAD5}.Debug|x86.Build.0 = Debug|Any CPU
		{B68137E2-0684-4025-A5F5-9679AF8ECAD5}.Release|Any CPU.ActiveCfg = Release|Any CPU
		{B68137E2-0684-4025-A5F5-9679AF8ECAD5}.Release|Any CPU.Build.0 = Release|Any CPU
		{B68137E2-0684-4025-A5F5-9679AF8ECAD5}.Release|Mixed Platforms.ActiveCfg = Release|Any CPU
		{B68137E2-0684-4025-A5F5-9679AF8ECAD5}.Release|Mixed Platforms.Build.0 = Release|Any CPU
		{B68137E2-0684-4025-A5F5-9679AF8ECAD5}.Release|x86.ActiveCfg = Release|Any CPU
		{B68137E2-0684-4025-A5F5-9679AF8ECAD5}.Release|x86.Build.0 = Release|Any CPU
		{8E31C86D-DC44-4791-8B0B-118FFAF032E3}.Debug|Any CPU.ActiveCfg = Debug|Any CPU
		{8E31C86D-DC44-4791-8B0B-118FFAF032E3}.Debug|Any CPU.Build.0 = Debug|Any CPU
		{8E31C86D-DC44-4791-8B0B-118FFAF032E3}.Debug|Mixed Platforms.ActiveCfg = Debug|Any CPU
		{8E31C86D-DC44-4791-8B0B-118FFAF032E3}.Debug|Mixed Platforms.Build.0 = Debug|Any CPU
		{8E31C86D-DC44-4791-8B0B-118FFAF032E3}.Debug|x86.ActiveCfg = Debug|Any CPU
		{8E31C86D-DC44-4791-8B0B-118FFAF032E3}.Debug|x86.Build.0 = Debug|Any CPU
		{8E31C86D-DC44-4791-8B0B-118FFAF032E3}.Release|Any CPU.ActiveCfg = Release|Any CPU
		{8E31C86D-DC44-4791-8B0B-118FFAF032E3}.Release|Any CPU.Build.0 = Release|Any CPU
		{8E31C86D-DC44-4791-8B0B-118FFAF032E3}.Release|Mixed Platforms.ActiveCfg = Release|Any CPU
		{8E31C86D-DC44-4791-8B0B-118FFAF032E3}.Release|Mixed Platforms.Build.0 = Release|Any CPU
		{8E31C86D-DC44-4791-8B0B-118FFAF032E3}.Release|x86.ActiveCfg = Release|Any CPU
		{8E31C86D-DC44-4791-8B0B-118FFAF032E3}.Release|x86.Build.0 = Release|Any CPU
		{298F3FD4-8AF8-471D-AE0C-44DC7DF4240A}.Debug|Any CPU.ActiveCfg = Debug|Any CPU
		{298F3FD4-8AF8-471D-AE0C-44DC7DF4240A}.Debug|Any CPU.Build.0 = Debug|Any CPU
		{298F3FD4-8AF8-471D-AE0C-44DC7DF4240A}.Debug|Mixed Platforms.ActiveCfg = Debug|Any CPU
		{298F3FD4-8AF8-471D-AE0C-44DC7DF4240A}.Debug|Mixed Platforms.Build.0 = Debug|Any CPU
		{298F3FD4-8AF8-471D-AE0C-44DC7DF4240A}.Debug|x86.ActiveCfg = Debug|Any CPU
		{298F3FD4-8AF8-471D-AE0C-44DC7DF4240A}.Debug|x86.Build.0 = Debug|Any CPU
		{298F3FD4-8AF8-471D-AE0C-44DC7DF4240A}.Release|Any CPU.ActiveCfg = Release|Any CPU
		{298F3FD4-8AF8-471D-AE0C-44DC7DF4240A}.Release|Any CPU.Build.0 = Release|Any CPU
		{298F3FD4-8AF8-471D-AE0C-44DC7DF4240A}.Release|Mixed Platforms.ActiveCfg = Release|Any CPU
		{298F3FD4-8AF8-471D-AE0C-44DC7DF4240A}.Release|Mixed Platforms.Build.0 = Release|Any CPU
		{298F3FD4-8AF8-471D-AE0C-44DC7DF4240A}.Release|x86.ActiveCfg = Release|Any CPU
		{298F3FD4-8AF8-471D-AE0C-44DC7DF4240A}.Release|x86.Build.0 = Release|Any CPU
		{E658DD54-BDD2-4DC1-AC14-6944E578193A}.Debug|Any CPU.ActiveCfg = Debug|Any CPU
		{E658DD54-BDD2-4DC1-AC14-6944E578193A}.Debug|Any CPU.Build.0 = Debug|Any CPU
		{E658DD54-BDD2-4DC1-AC14-6944E578193A}.Debug|Mixed Platforms.ActiveCfg = Debug|Any CPU
		{E658DD54-BDD2-4DC1-AC14-6944E578193A}.Debug|Mixed Platforms.Build.0 = Debug|Any CPU
		{E658DD54-BDD2-4DC1-AC14-6944E578193A}.Debug|x86.ActiveCfg = Debug|Any CPU
		{E658DD54-BDD2-4DC1-AC14-6944E578193A}.Debug|x86.Build.0 = Debug|Any CPU
		{E658DD54-BDD2-4DC1-AC14-6944E578193A}.Release|Any CPU.ActiveCfg = Release|Any CPU
		{E658DD54-BDD2-4DC1-AC14-6944E578193A}.Release|Any CPU.Build.0 = Release|Any CPU
		{E658DD54-BDD2-4DC1-AC14-6944E578193A}.Release|Mixed Platforms.ActiveCfg = Release|Any CPU
		{E658DD54-BDD2-4DC1-AC14-6944E578193A}.Release|Mixed Platforms.Build.0 = Release|Any CPU
		{E658DD54-BDD2-4DC1-AC14-6944E578193A}.Release|x86.ActiveCfg = Release|Any CPU
		{E658DD54-BDD2-4DC1-AC14-6944E578193A}.Release|x86.Build.0 = Release|Any CPU
		{D8702B6A-842D-48DA-8886-1DC2D3A4478B}.Debug|Any CPU.ActiveCfg = Debug|Any CPU
		{D8702B6A-842D-48DA-8886-1DC2D3A4478B}.Debug|Any CPU.Build.0 = Debug|Any CPU
		{D8702B6A-842D-48DA-8886-1DC2D3A4478B}.Debug|Mixed Platforms.ActiveCfg = Debug|Any CPU
		{D8702B6A-842D-48DA-8886-1DC2D3A4478B}.Debug|Mixed Platforms.Build.0 = Debug|Any CPU
		{D8702B6A-842D-48DA-8886-1DC2D3A4478B}.Debug|x86.ActiveCfg = Debug|Any CPU
		{D8702B6A-842D-48DA-8886-1DC2D3A4478B}.Debug|x86.Build.0 = Debug|Any CPU
		{D8702B6A-842D-48DA-8886-1DC2D3A4478B}.Release|Any CPU.ActiveCfg = Release|Any CPU
		{D8702B6A-842D-48DA-8886-1DC2D3A4478B}.Release|Any CPU.Build.0 = Release|Any CPU
		{D8702B6A-842D-48DA-8886-1DC2D3A4478B}.Release|Mixed Platforms.ActiveCfg = Release|Any CPU
		{D8702B6A-842D-48DA-8886-1DC2D3A4478B}.Release|Mixed Platforms.Build.0 = Release|Any CPU
		{D8702B6A-842D-48DA-8886-1DC2D3A4478B}.Release|x86.ActiveCfg = Release|Any CPU
		{D8702B6A-842D-48DA-8886-1DC2D3A4478B}.Release|x86.Build.0 = Release|Any CPU
		{34183751-DC30-45CF-9431-17B78F7018E9}.Debug|Any CPU.ActiveCfg = Debug|Any CPU
		{34183751-DC30-45CF-9431-17B78F7018E9}.Debug|Any CPU.Build.0 = Debug|Any CPU
		{34183751-DC30-45CF-9431-17B78F7018E9}.Debug|Mixed Platforms.ActiveCfg = Debug|Any CPU
		{34183751-DC30-45CF-9431-17B78F7018E9}.Debug|Mixed Platforms.Build.0 = Debug|Any CPU
		{34183751-DC30-45CF-9431-17B78F7018E9}.Debug|x86.ActiveCfg = Debug|Any CPU
		{34183751-DC30-45CF-9431-17B78F7018E9}.Debug|x86.Build.0 = Debug|Any CPU
		{34183751-DC30-45CF-9431-17B78F7018E9}.Release|Any CPU.ActiveCfg = Release|Any CPU
		{34183751-DC30-45CF-9431-17B78F7018E9}.Release|Any CPU.Build.0 = Release|Any CPU
		{34183751-DC30-45CF-9431-17B78F7018E9}.Release|Mixed Platforms.ActiveCfg = Release|Any CPU
		{34183751-DC30-45CF-9431-17B78F7018E9}.Release|Mixed Platforms.Build.0 = Release|Any CPU
		{34183751-DC30-45CF-9431-17B78F7018E9}.Release|x86.ActiveCfg = Release|Any CPU
		{34183751-DC30-45CF-9431-17B78F7018E9}.Release|x86.Build.0 = Release|Any CPU
		{65D7B7A1-1B33-46C0-8985-415BC7264A10}.Debug|Any CPU.ActiveCfg = Debug|Any CPU
		{65D7B7A1-1B33-46C0-8985-415BC7264A10}.Debug|Any CPU.Build.0 = Debug|Any CPU
		{65D7B7A1-1B33-46C0-8985-415BC7264A10}.Debug|Mixed Platforms.ActiveCfg = Debug|Any CPU
		{65D7B7A1-1B33-46C0-8985-415BC7264A10}.Debug|Mixed Platforms.Build.0 = Debug|Any CPU
		{65D7B7A1-1B33-46C0-8985-415BC7264A10}.Debug|x86.ActiveCfg = Debug|Any CPU
		{65D7B7A1-1B33-46C0-8985-415BC7264A10}.Debug|x86.Build.0 = Debug|Any CPU
		{65D7B7A1-1B33-46C0-8985-415BC7264A10}.Release|Any CPU.ActiveCfg = Release|Any CPU
		{65D7B7A1-1B33-46C0-8985-415BC7264A10}.Release|Any CPU.Build.0 = Release|Any CPU
		{65D7B7A1-1B33-46C0-8985-415BC7264A10}.Release|Mixed Platforms.ActiveCfg = Release|Any CPU
		{65D7B7A1-1B33-46C0-8985-415BC7264A10}.Release|Mixed Platforms.Build.0 = Release|Any CPU
		{65D7B7A1-1B33-46C0-8985-415BC7264A10}.Release|x86.ActiveCfg = Release|Any CPU
		{65D7B7A1-1B33-46C0-8985-415BC7264A10}.Release|x86.Build.0 = Release|Any CPU
		{AD6E4E4F-1218-40B6-B92E-6E1175444B5F}.Debug|Any CPU.ActiveCfg = Debug|Any CPU
		{AD6E4E4F-1218-40B6-B92E-6E1175444B5F}.Debug|Any CPU.Build.0 = Debug|Any CPU
		{AD6E4E4F-1218-40B6-B92E-6E1175444B5F}.Debug|Mixed Platforms.ActiveCfg = Debug|Any CPU
		{AD6E4E4F-1218-40B6-B92E-6E1175444B5F}.Debug|Mixed Platforms.Build.0 = Debug|Any CPU
		{AD6E4E4F-1218-40B6-B92E-6E1175444B5F}.Debug|x86.ActiveCfg = Debug|Any CPU
		{AD6E4E4F-1218-40B6-B92E-6E1175444B5F}.Debug|x86.Build.0 = Debug|Any CPU
		{AD6E4E4F-1218-40B6-B92E-6E1175444B5F}.Release|Any CPU.ActiveCfg = Release|Any CPU
		{AD6E4E4F-1218-40B6-B92E-6E1175444B5F}.Release|Any CPU.Build.0 = Release|Any CPU
		{AD6E4E4F-1218-40B6-B92E-6E1175444B5F}.Release|Mixed Platforms.ActiveCfg = Release|Any CPU
		{AD6E4E4F-1218-40B6-B92E-6E1175444B5F}.Release|Mixed Platforms.Build.0 = Release|Any CPU
		{AD6E4E4F-1218-40B6-B92E-6E1175444B5F}.Release|x86.ActiveCfg = Release|Any CPU
		{AD6E4E4F-1218-40B6-B92E-6E1175444B5F}.Release|x86.Build.0 = Release|Any CPU
	EndGlobalSection
	GlobalSection(SolutionProperties) = preSolution
		HideSolutionNode = FALSE
	EndGlobalSection
	GlobalSection(NestedProjects) = preSolution
		{5201B99C-D330-48E1-9A66-9F803A75556B} = {09D43CA3-05B5-4E60-AEEA-D004AE7B47B1}
		{4F058942-5A5D-4B59-AE48-608D84C23149} = {09D43CA3-05B5-4E60-AEEA-D004AE7B47B1}
		{C486F035-C82B-46F2-9C94-BC6EBCA74DDA} = {CB1352DC-78FD-47D9-9F5E-DBD51E7589D0}
		{EEA223BE-5ED6-450B-A114-3D67D084B5FF} = {CB1352DC-78FD-47D9-9F5E-DBD51E7589D0}
		{B68137E2-0684-4025-A5F5-9679AF8ECAD5} = {B90BA28E-1137-4AC9-96A9-4C2FA34BB02F}
		{8E31C86D-DC44-4791-8B0B-118FFAF032E3} = {B90BA28E-1137-4AC9-96A9-4C2FA34BB02F}
		{298F3FD4-8AF8-471D-AE0C-44DC7DF4240A} = {B90BA28E-1137-4AC9-96A9-4C2FA34BB02F}
		{E658DD54-BDD2-4DC1-AC14-6944E578193A} = {2609E229-6C72-4DCE-B225-47EDF8FDF0FE}
		{D8702B6A-842D-48DA-8886-1DC2D3A4478B} = {2609E229-6C72-4DCE-B225-47EDF8FDF0FE}
		{34183751-DC30-45CF-9431-17B78F7018E9} = {CB1352DC-78FD-47D9-9F5E-DBD51E7589D0}
		{65D7B7A1-1B33-46C0-8985-415BC7264A10} = {B90BA28E-1137-4AC9-96A9-4C2FA34BB02F}
		{AD6E4E4F-1218-40B6-B92E-6E1175444B5F} = {CB1352DC-78FD-47D9-9F5E-DBD51E7589D0}
	EndGlobalSection
	GlobalSection(TestCaseManagementSettings) = postSolution
		CategoryFile = Ornament.vsmdi
	EndGlobalSection
EndGlobal
