
Microsoft Visual Studio Solution File, Format Version 12.00
# Visual Studio 2012
Project("{FAE04EC0-301F-11D3-BF4B-00C04F79EFBC}") = "Ornament.MVC4WebFrame", "Ornament.MVC4WebFrame\Ornament.MVC4WebFrame.csproj", "{5CEAC12F-9B4C-4077-984A-002FF9C4A610}"
EndProject
Project("{2150E333-8FDC-42A3-9474-1A3956D46DE8}") = "Extend", "Extend", "{DC25FCB4-8FB6-424E-A86F-464598211C37}"
EndProject
Project("{2150E333-8FDC-42A3-9474-1A3956D46DE8}") = "Daily", "Daily", "{EED413E3-7B40-44E5-B2DD-EC11DAA76DD2}"
EndProject
Project("{FAE04EC0-301F-11D3-BF4B-00C04F79EFBC}") = "Qi.Attendance", "Extends\Daily\Qi.Attendance\Qi.Attendance.csproj", "{04B993CF-3A5C-4227-ADB4-77A119B12EA5}"
EndProject
Project("{FAE04EC0-301F-11D3-BF4B-00C04F79EFBC}") = "Qi.Attendance.Dao.NhImple", "Extends\Daily\Qi.Attendance.Dao.NhImple\Qi.Attendance.Dao.NhImple.csproj", "{60DA740D-75F7-46D2-976B-D2DB22768333}"
EndProject
Project("{FAE04EC0-301F-11D3-BF4B-00C04F79EFBC}") = "Ornament.WinServiceTemplate", "Ornament.WinServiceTemplate\Ornament.WinServiceTemplate.csproj", "{275004EB-2725-4B19-910D-1418AC9BDCD3}"
EndProject
Project("{2150E333-8FDC-42A3-9474-1A3956D46DE8}") = "MemberShip", "MemberShip", "{F19BBC45-30AE-42FD-B261-BFB236212C30}"
EndProject
Project("{FAE04EC0-301F-11D3-BF4B-00C04F79EFBC}") = "Ornament.MemberShip.Core", "MemberShip\Ornament.MemberShip.Core\Ornament.MemberShip.Core.csproj", "{F86BA9A8-A466-412E-8D18-2A17452CC348}"
EndProject
Project("{FAE04EC0-301F-11D3-BF4B-00C04F79EFBC}") = "Ornament.MemberShip.Dao.NHibernateImple", "MemberShip\Ornament.MemberShip.Dao.NHibernateImple\Ornament.MemberShip.Dao.NHibernateImple.csproj", "{6C6439C4-0EA1-44F9-B406-664512594A1B}"
EndProject
Project("{FAE04EC0-301F-11D3-BF4B-00C04F79EFBC}") = "Ornament.MemberShip.Test", "MemberShip\Ornament.MemberShip.Test\Ornament.MemberShip.Test.csproj", "{D3A8A228-2F24-4BCE-B9B7-F4B02969F15B}"
EndProject
Project("{2150E333-8FDC-42A3-9474-1A3956D46DE8}") = "Message", "Message", "{EE66FB1A-52B2-4134-A915-412B6C709534}"
EndProject
Project("{FAE04EC0-301F-11D3-BF4B-00C04F79EFBC}") = "Ornament.Messages.Core", "Messages\Ornament.Messages.Core\Ornament.Messages.Core.csproj", "{C8CDAFC3-3071-4246-91EF-C9E8DFBDBAE4}"
EndProject
Project("{FAE04EC0-301F-11D3-BF4B-00C04F79EFBC}") = "Ornament.Messages.Core.Test", "Messages\Ornament.Messages.Core.Test\Ornament.Messages.Core.Test.csproj", "{CE0E4BA4-8A0D-48EC-810A-3D0109336EE5}"
EndProject
Project("{FAE04EC0-301F-11D3-BF4B-00C04F79EFBC}") = "Ornament.Messages.Dao.NHibernateImple", "Messages\Ornament.Messages.Dao.NHibernateImple\Ornament.Messages.Dao.NHibernateImple.csproj", "{65B35676-172D-4C01-BA1E-02D99083C155}"
EndProject
Project("{2150E333-8FDC-42A3-9474-1A3956D46DE8}") = "Util", "Util", "{4E360604-1FC8-4523-96C8-435C31DC3442}"
EndProject
Project("{FAE04EC0-301F-11D3-BF4B-00C04F79EFBC}") = "Ornament.Web.Core", "Ornament.Web\Ornament.Web.Core.csproj", "{F4327637-A4F2-4883-AF3C-E3C088C2AEFC}"
EndProject
Project("{FAE04EC0-301F-11D3-BF4B-00C04F79EFBC}") = "Ornament.Core", "Ornament.Core\Ornament.Core.csproj", "{254CD19D-5495-438E-AE5D-110EB32326B7}"
EndProject
Project("{2150E333-8FDC-42A3-9474-1A3956D46DE8}") = "Badminton", "Badminton", "{428703EE-DA8E-48F4-B8B9-CDC411D6A62C}"
EndProject
Project("{FAE04EC0-301F-11D3-BF4B-00C04F79EFBC}") = "Badminton.Core", "Extends\Badminton\Badminton.Core\Badminton.Core.csproj", "{C227A14C-6A46-4EA8-9645-20CFD50606DC}"
EndProject
Project("{FAE04EC0-301F-11D3-BF4B-00C04F79EFBC}") = "Badminton.Dao.NhImpl", "Extends\Badminton\Badminton.Dao.NhImpl\Badminton.Dao.NhImpl.csproj", "{5E455C9C-EECF-4838-A3CB-2124632B24DE}"
EndProject
Project("{FAE04EC0-301F-11D3-BF4B-00C04F79EFBC}") = "ElFinder.Net", "Helpers\ElFinder.Net\ElFinder.Net.csproj", "{4635B781-A1A1-40A3-B57D-26CF552695BB}"
EndProject
Project("{FAE04EC0-301F-11D3-BF4B-00C04F79EFBC}") = "Ornament.Test", "Ornament.Test\Ornament.Test.csproj", "{2493FDFF-84B8-406E-98B1-98F90D0A27A4}"
EndProject
Project("{2150E333-8FDC-42A3-9474-1A3956D46DE8}") = "CRM", "CRM", "{0C1F87DE-FD4D-4611-871C-2CAA07F887D2}"
EndProject
Project("{FAE04EC0-301F-11D3-BF4B-00C04F79EFBC}") = "Qi.CRM.Core", "Extends\CRM\Qi.CRM\Qi.CRM.Core.csproj", "{49102E6E-3FD1-4B38-978F-E60E32AB534B}"
EndProject
Project("{FAE04EC0-301F-11D3-BF4B-00C04F79EFBC}") = "Qi.CRM.Dao.NhImple", "Extends\CRM\Qi.CRM.Dao.NHimple\Qi.CRM.Dao.NhImple.csproj", "{6AB594B1-72EF-4886-A6D1-CC6CFF644D31}"
EndProject
Project("{FAE04EC0-301F-11D3-BF4B-00C04F79EFBC}") = "Qi.CRM.Plugin", "Extends\CRM\Qi.CRM.Plugin\Qi.CRM.Plugin.csproj", "{B555C0C3-7F18-4DAD-A771-A0DF15D1AA4A}"
EndProject
Project("{FAE04EC0-301F-11D3-BF4B-00C04F79EFBC}") = "Ornament.MemberShip.Plugin", "Ornament.MemberShip.Plugin\Ornament.MemberShip.Plugin.csproj", "{60965723-BEA2-4A7B-B6EE-9E1E237504F6}"
EndProject
Project("{FAE04EC0-301F-11D3-BF4B-00C04F79EFBC}") = "Ornament.Messages.Plugin", "Messages\Ornament.Messages.Plugin\Ornament.Messages.Plugin.csproj", "{D598A731-5CD9-4871-AC80-EE64C949E30D}"
EndProject
Project("{2150E333-8FDC-42A3-9474-1A3956D46DE8}") = "MvcPlugins", "MvcPlugins", "{0B978B03-DCA6-4665-9224-3C979218D695}"
EndProject
Project("{FAE04EC0-301F-11D3-BF4B-00C04F79EFBC}") = "Badminton.Web.Plugin", "Extends\Badminton\Badminton.Web.Plugin\Badminton.Web.Plugin.csproj", "{FCA271AF-92ED-468B-9FE7-ECF06889AF32}"
EndProject
Global
	GlobalSection(TestCaseManagementSettings) = postSolution
		CategoryFile = Ornament.vsmdi
	EndGlobalSection
	GlobalSection(SolutionConfigurationPlatforms) = preSolution
		Debug|Any CPU = Debug|Any CPU
		Debug|Mixed Platforms = Debug|Mixed Platforms
		Debug|x86 = Debug|x86
		Release|Any CPU = Release|Any CPU
		Release|Mixed Platforms = Release|Mixed Platforms
		Release|x86 = Release|x86
	EndGlobalSection
	GlobalSection(ProjectConfigurationPlatforms) = postSolution
		{5CEAC12F-9B4C-4077-984A-002FF9C4A610}.Debug|Any CPU.ActiveCfg = Debug|Any CPU
		{5CEAC12F-9B4C-4077-984A-002FF9C4A610}.Debug|Any CPU.Build.0 = Debug|Any CPU
		{5CEAC12F-9B4C-4077-984A-002FF9C4A610}.Debug|Mixed Platforms.ActiveCfg = Debug|Any CPU
		{5CEAC12F-9B4C-4077-984A-002FF9C4A610}.Debug|Mixed Platforms.Build.0 = Debug|Any CPU
		{5CEAC12F-9B4C-4077-984A-002FF9C4A610}.Debug|x86.ActiveCfg = Debug|Any CPU
		{5CEAC12F-9B4C-4077-984A-002FF9C4A610}.Release|Any CPU.ActiveCfg = Release|Any CPU
		{5CEAC12F-9B4C-4077-984A-002FF9C4A610}.Release|Any CPU.Build.0 = Release|Any CPU
		{5CEAC12F-9B4C-4077-984A-002FF9C4A610}.Release|Mixed Platforms.ActiveCfg = Release|Any CPU
		{5CEAC12F-9B4C-4077-984A-002FF9C4A610}.Release|Mixed Platforms.Build.0 = Release|Any CPU
		{5CEAC12F-9B4C-4077-984A-002FF9C4A610}.Release|x86.ActiveCfg = Release|Any CPU
		{04B993CF-3A5C-4227-ADB4-77A119B12EA5}.Debug|Any CPU.ActiveCfg = Debug|Any CPU
		{04B993CF-3A5C-4227-ADB4-77A119B12EA5}.Debug|Any CPU.Build.0 = Debug|Any CPU
		{04B993CF-3A5C-4227-ADB4-77A119B12EA5}.Debug|Mixed Platforms.ActiveCfg = Debug|Any CPU
		{04B993CF-3A5C-4227-ADB4-77A119B12EA5}.Debug|Mixed Platforms.Build.0 = Debug|Any CPU
		{04B993CF-3A5C-4227-ADB4-77A119B12EA5}.Debug|x86.ActiveCfg = Debug|Any CPU
		{04B993CF-3A5C-4227-ADB4-77A119B12EA5}.Release|Any CPU.ActiveCfg = Release|Any CPU
		{04B993CF-3A5C-4227-ADB4-77A119B12EA5}.Release|Any CPU.Build.0 = Release|Any CPU
		{04B993CF-3A5C-4227-ADB4-77A119B12EA5}.Release|Mixed Platforms.ActiveCfg = Release|Any CPU
		{04B993CF-3A5C-4227-ADB4-77A119B12EA5}.Release|Mixed Platforms.Build.0 = Release|Any CPU
		{04B993CF-3A5C-4227-ADB4-77A119B12EA5}.Release|x86.ActiveCfg = Release|Any CPU
		{60DA740D-75F7-46D2-976B-D2DB22768333}.Debug|Any CPU.ActiveCfg = Debug|Any CPU
		{60DA740D-75F7-46D2-976B-D2DB22768333}.Debug|Any CPU.Build.0 = Debug|Any CPU
		{60DA740D-75F7-46D2-976B-D2DB22768333}.Debug|Mixed Platforms.ActiveCfg = Debug|Any CPU
		{60DA740D-75F7-46D2-976B-D2DB22768333}.Debug|Mixed Platforms.Build.0 = Debug|Any CPU
		{60DA740D-75F7-46D2-976B-D2DB22768333}.Debug|x86.ActiveCfg = Debug|Any CPU
		{60DA740D-75F7-46D2-976B-D2DB22768333}.Release|Any CPU.ActiveCfg = Release|Any CPU
		{60DA740D-75F7-46D2-976B-D2DB22768333}.Release|Any CPU.Build.0 = Release|Any CPU
		{60DA740D-75F7-46D2-976B-D2DB22768333}.Release|Mixed Platforms.ActiveCfg = Release|Any CPU
		{60DA740D-75F7-46D2-976B-D2DB22768333}.Release|Mixed Platforms.Build.0 = Release|Any CPU
		{60DA740D-75F7-46D2-976B-D2DB22768333}.Release|x86.ActiveCfg = Release|Any CPU
		{275004EB-2725-4B19-910D-1418AC9BDCD3}.Debug|Any CPU.ActiveCfg = Debug|x86
		{275004EB-2725-4B19-910D-1418AC9BDCD3}.Debug|Mixed Platforms.ActiveCfg = Debug|x86
		{275004EB-2725-4B19-910D-1418AC9BDCD3}.Debug|Mixed Platforms.Build.0 = Debug|x86
		{275004EB-2725-4B19-910D-1418AC9BDCD3}.Debug|x86.ActiveCfg = Debug|x86
		{275004EB-2725-4B19-910D-1418AC9BDCD3}.Debug|x86.Build.0 = Debug|x86
		{275004EB-2725-4B19-910D-1418AC9BDCD3}.Release|Any CPU.ActiveCfg = Release|x86
		{275004EB-2725-4B19-910D-1418AC9BDCD3}.Release|Mixed Platforms.ActiveCfg = Release|x86
		{275004EB-2725-4B19-910D-1418AC9BDCD3}.Release|Mixed Platforms.Build.0 = Release|x86
		{275004EB-2725-4B19-910D-1418AC9BDCD3}.Release|x86.ActiveCfg = Release|x86
		{275004EB-2725-4B19-910D-1418AC9BDCD3}.Release|x86.Build.0 = Release|x86
		{F86BA9A8-A466-412E-8D18-2A17452CC348}.Debug|Any CPU.ActiveCfg = Debug|Any CPU
		{F86BA9A8-A466-412E-8D18-2A17452CC348}.Debug|Any CPU.Build.0 = Debug|Any CPU
		{F86BA9A8-A466-412E-8D18-2A17452CC348}.Debug|Mixed Platforms.ActiveCfg = Debug|Any CPU
		{F86BA9A8-A466-412E-8D18-2A17452CC348}.Debug|Mixed Platforms.Build.0 = Debug|Any CPU
		{F86BA9A8-A466-412E-8D18-2A17452CC348}.Debug|x86.ActiveCfg = Debug|Any CPU
		{F86BA9A8-A466-412E-8D18-2A17452CC348}.Release|Any CPU.ActiveCfg = Release|Any CPU
		{F86BA9A8-A466-412E-8D18-2A17452CC348}.Release|Any CPU.Build.0 = Release|Any CPU
		{F86BA9A8-A466-412E-8D18-2A17452CC348}.Release|Mixed Platforms.ActiveCfg = Release|Any CPU
		{F86BA9A8-A466-412E-8D18-2A17452CC348}.Release|Mixed Platforms.Build.0 = Release|Any CPU
		{F86BA9A8-A466-412E-8D18-2A17452CC348}.Release|x86.ActiveCfg = Release|Any CPU
		{6C6439C4-0EA1-44F9-B406-664512594A1B}.Debug|Any CPU.ActiveCfg = Debug|Any CPU
		{6C6439C4-0EA1-44F9-B406-664512594A1B}.Debug|Any CPU.Build.0 = Debug|Any CPU
		{6C6439C4-0EA1-44F9-B406-664512594A1B}.Debug|Mixed Platforms.ActiveCfg = Debug|Any CPU
		{6C6439C4-0EA1-44F9-B406-664512594A1B}.Debug|Mixed Platforms.Build.0 = Debug|Any CPU
		{6C6439C4-0EA1-44F9-B406-664512594A1B}.Debug|x86.ActiveCfg = Debug|Any CPU
		{6C6439C4-0EA1-44F9-B406-664512594A1B}.Release|Any CPU.ActiveCfg = Release|Any CPU
		{6C6439C4-0EA1-44F9-B406-664512594A1B}.Release|Any CPU.Build.0 = Release|Any CPU
		{6C6439C4-0EA1-44F9-B406-664512594A1B}.Release|Mixed Platforms.ActiveCfg = Release|Any CPU
		{6C6439C4-0EA1-44F9-B406-664512594A1B}.Release|Mixed Platforms.Build.0 = Release|Any CPU
		{6C6439C4-0EA1-44F9-B406-664512594A1B}.Release|x86.ActiveCfg = Release|Any CPU
		{D3A8A228-2F24-4BCE-B9B7-F4B02969F15B}.Debug|Any CPU.ActiveCfg = Debug|Any CPU
		{D3A8A228-2F24-4BCE-B9B7-F4B02969F15B}.Debug|Any CPU.Build.0 = Debug|Any CPU
		{D3A8A228-2F24-4BCE-B9B7-F4B02969F15B}.Debug|Mixed Platforms.ActiveCfg = Debug|Any CPU
		{D3A8A228-2F24-4BCE-B9B7-F4B02969F15B}.Debug|Mixed Platforms.Build.0 = Debug|Any CPU
		{D3A8A228-2F24-4BCE-B9B7-F4B02969F15B}.Debug|x86.ActiveCfg = Debug|Any CPU
		{D3A8A228-2F24-4BCE-B9B7-F4B02969F15B}.Release|Any CPU.ActiveCfg = Release|Any CPU
		{D3A8A228-2F24-4BCE-B9B7-F4B02969F15B}.Release|Any CPU.Build.0 = Release|Any CPU
		{D3A8A228-2F24-4BCE-B9B7-F4B02969F15B}.Release|Mixed Platforms.ActiveCfg = Release|Any CPU
		{D3A8A228-2F24-4BCE-B9B7-F4B02969F15B}.Release|Mixed Platforms.Build.0 = Release|Any CPU
		{D3A8A228-2F24-4BCE-B9B7-F4B02969F15B}.Release|x86.ActiveCfg = Release|Any CPU
		{C8CDAFC3-3071-4246-91EF-C9E8DFBDBAE4}.Debug|Any CPU.ActiveCfg = Debug|Any CPU
		{C8CDAFC3-3071-4246-91EF-C9E8DFBDBAE4}.Debug|Any CPU.Build.0 = Debug|Any CPU
		{C8CDAFC3-3071-4246-91EF-C9E8DFBDBAE4}.Debug|Mixed Platforms.ActiveCfg = Debug|Any CPU
		{C8CDAFC3-3071-4246-91EF-C9E8DFBDBAE4}.Debug|Mixed Platforms.Build.0 = Debug|Any CPU
		{C8CDAFC3-3071-4246-91EF-C9E8DFBDBAE4}.Debug|x86.ActiveCfg = Debug|Any CPU
		{C8CDAFC3-3071-4246-91EF-C9E8DFBDBAE4}.Release|Any CPU.ActiveCfg = Release|Any CPU
		{C8CDAFC3-3071-4246-91EF-C9E8DFBDBAE4}.Release|Any CPU.Build.0 = Release|Any CPU
		{C8CDAFC3-3071-4246-91EF-C9E8DFBDBAE4}.Release|Mixed Platforms.ActiveCfg = Release|Any CPU
		{C8CDAFC3-3071-4246-91EF-C9E8DFBDBAE4}.Release|Mixed Platforms.Build.0 = Release|Any CPU
		{C8CDAFC3-3071-4246-91EF-C9E8DFBDBAE4}.Release|x86.ActiveCfg = Release|Any CPU
		{CE0E4BA4-8A0D-48EC-810A-3D0109336EE5}.Debug|Any CPU.ActiveCfg = Debug|Any CPU
		{CE0E4BA4-8A0D-48EC-810A-3D0109336EE5}.Debug|Any CPU.Build.0 = Debug|Any CPU
		{CE0E4BA4-8A0D-48EC-810A-3D0109336EE5}.Debug|Mixed Platforms.ActiveCfg = Debug|Any CPU
		{CE0E4BA4-8A0D-48EC-810A-3D0109336EE5}.Debug|Mixed Platforms.Build.0 = Debug|Any CPU
		{CE0E4BA4-8A0D-48EC-810A-3D0109336EE5}.Debug|x86.ActiveCfg = Debug|Any CPU
		{CE0E4BA4-8A0D-48EC-810A-3D0109336EE5}.Release|Any CPU.ActiveCfg = Release|Any CPU
		{CE0E4BA4-8A0D-48EC-810A-3D0109336EE5}.Release|Any CPU.Build.0 = Release|Any CPU
		{CE0E4BA4-8A0D-48EC-810A-3D0109336EE5}.Release|Mixed Platforms.ActiveCfg = Release|Any CPU
		{CE0E4BA4-8A0D-48EC-810A-3D0109336EE5}.Release|Mixed Platforms.Build.0 = Release|Any CPU
		{CE0E4BA4-8A0D-48EC-810A-3D0109336EE5}.Release|x86.ActiveCfg = Release|Any CPU
		{65B35676-172D-4C01-BA1E-02D99083C155}.Debug|Any CPU.ActiveCfg = Debug|Any CPU
		{65B35676-172D-4C01-BA1E-02D99083C155}.Debug|Any CPU.Build.0 = Debug|Any CPU
		{65B35676-172D-4C01-BA1E-02D99083C155}.Debug|Mixed Platforms.ActiveCfg = Debug|Any CPU
		{65B35676-172D-4C01-BA1E-02D99083C155}.Debug|Mixed Platforms.Build.0 = Debug|Any CPU
		{65B35676-172D-4C01-BA1E-02D99083C155}.Debug|x86.ActiveCfg = Debug|Any CPU
		{65B35676-172D-4C01-BA1E-02D99083C155}.Release|Any CPU.ActiveCfg = Release|Any CPU
		{65B35676-172D-4C01-BA1E-02D99083C155}.Release|Any CPU.Build.0 = Release|Any CPU
		{65B35676-172D-4C01-BA1E-02D99083C155}.Release|Mixed Platforms.ActiveCfg = Release|Any CPU
		{65B35676-172D-4C01-BA1E-02D99083C155}.Release|Mixed Platforms.Build.0 = Release|Any CPU
		{65B35676-172D-4C01-BA1E-02D99083C155}.Release|x86.ActiveCfg = Release|Any CPU
		{F4327637-A4F2-4883-AF3C-E3C088C2AEFC}.Debug|Any CPU.ActiveCfg = Debug|Any CPU
		{F4327637-A4F2-4883-AF3C-E3C088C2AEFC}.Debug|Any CPU.Build.0 = Debug|Any CPU
		{F4327637-A4F2-4883-AF3C-E3C088C2AEFC}.Debug|Mixed Platforms.ActiveCfg = Debug|Any CPU
		{F4327637-A4F2-4883-AF3C-E3C088C2AEFC}.Debug|Mixed Platforms.Build.0 = Debug|Any CPU
		{F4327637-A4F2-4883-AF3C-E3C088C2AEFC}.Debug|x86.ActiveCfg = Debug|Any CPU
		{F4327637-A4F2-4883-AF3C-E3C088C2AEFC}.Release|Any CPU.ActiveCfg = Release|Any CPU
		{F4327637-A4F2-4883-AF3C-E3C088C2AEFC}.Release|Any CPU.Build.0 = Release|Any CPU
		{F4327637-A4F2-4883-AF3C-E3C088C2AEFC}.Release|Mixed Platforms.ActiveCfg = Release|Any CPU
		{F4327637-A4F2-4883-AF3C-E3C088C2AEFC}.Release|Mixed Platforms.Build.0 = Release|Any CPU
		{F4327637-A4F2-4883-AF3C-E3C088C2AEFC}.Release|x86.ActiveCfg = Release|Any CPU
		{254CD19D-5495-438E-AE5D-110EB32326B7}.Debug|Any CPU.ActiveCfg = Debug|Any CPU
		{254CD19D-5495-438E-AE5D-110EB32326B7}.Debug|Any CPU.Build.0 = Debug|Any CPU
		{254CD19D-5495-438E-AE5D-110EB32326B7}.Debug|Mixed Platforms.ActiveCfg = Debug|Any CPU
		{254CD19D-5495-438E-AE5D-110EB32326B7}.Debug|Mixed Platforms.Build.0 = Debug|Any CPU
		{254CD19D-5495-438E-AE5D-110EB32326B7}.Debug|x86.ActiveCfg = Debug|Any CPU
		{254CD19D-5495-438E-AE5D-110EB32326B7}.Release|Any CPU.ActiveCfg = Release|Any CPU
		{254CD19D-5495-438E-AE5D-110EB32326B7}.Release|Any CPU.Build.0 = Release|Any CPU
		{254CD19D-5495-438E-AE5D-110EB32326B7}.Release|Mixed Platforms.ActiveCfg = Release|Any CPU
		{254CD19D-5495-438E-AE5D-110EB32326B7}.Release|Mixed Platforms.Build.0 = Release|Any CPU
		{254CD19D-5495-438E-AE5D-110EB32326B7}.Release|x86.ActiveCfg = Release|Any CPU
		{C227A14C-6A46-4EA8-9645-20CFD50606DC}.Debug|Any CPU.ActiveCfg = Debug|Any CPU
		{C227A14C-6A46-4EA8-9645-20CFD50606DC}.Debug|Any CPU.Build.0 = Debug|Any CPU
		{C227A14C-6A46-4EA8-9645-20CFD50606DC}.Debug|Mixed Platforms.ActiveCfg = Debug|Any CPU
		{C227A14C-6A46-4EA8-9645-20CFD50606DC}.Debug|Mixed Platforms.Build.0 = Debug|Any CPU
		{C227A14C-6A46-4EA8-9645-20CFD50606DC}.Debug|x86.ActiveCfg = Debug|Any CPU
		{C227A14C-6A46-4EA8-9645-20CFD50606DC}.Release|Any CPU.ActiveCfg = Release|Any CPU
		{C227A14C-6A46-4EA8-9645-20CFD50606DC}.Release|Any CPU.Build.0 = Release|Any CPU
		{C227A14C-6A46-4EA8-9645-20CFD50606DC}.Release|Mixed Platforms.ActiveCfg = Release|Any CPU
		{C227A14C-6A46-4EA8-9645-20CFD50606DC}.Release|Mixed Platforms.Build.0 = Release|Any CPU
		{C227A14C-6A46-4EA8-9645-20CFD50606DC}.Release|x86.ActiveCfg = Release|Any CPU
		{5E455C9C-EECF-4838-A3CB-2124632B24DE}.Debug|Any CPU.ActiveCfg = Debug|Any CPU
		{5E455C9C-EECF-4838-A3CB-2124632B24DE}.Debug|Any CPU.Build.0 = Debug|Any CPU
		{5E455C9C-EECF-4838-A3CB-2124632B24DE}.Debug|Mixed Platforms.ActiveCfg = Debug|Any CPU
		{5E455C9C-EECF-4838-A3CB-2124632B24DE}.Debug|Mixed Platforms.Build.0 = Debug|Any CPU
		{5E455C9C-EECF-4838-A3CB-2124632B24DE}.Debug|x86.ActiveCfg = Debug|Any CPU
		{5E455C9C-EECF-4838-A3CB-2124632B24DE}.Release|Any CPU.ActiveCfg = Release|Any CPU
		{5E455C9C-EECF-4838-A3CB-2124632B24DE}.Release|Any CPU.Build.0 = Release|Any CPU
		{5E455C9C-EECF-4838-A3CB-2124632B24DE}.Release|Mixed Platforms.ActiveCfg = Release|Any CPU
		{5E455C9C-EECF-4838-A3CB-2124632B24DE}.Release|Mixed Platforms.Build.0 = Release|Any CPU
		{5E455C9C-EECF-4838-A3CB-2124632B24DE}.Release|x86.ActiveCfg = Release|Any CPU
		{4635B781-A1A1-40A3-B57D-26CF552695BB}.Debug|Any CPU.ActiveCfg = Debug|Any CPU
		{4635B781-A1A1-40A3-B57D-26CF552695BB}.Debug|Any CPU.Build.0 = Debug|Any CPU
		{4635B781-A1A1-40A3-B57D-26CF552695BB}.Debug|Mixed Platforms.ActiveCfg = Debug|Any CPU
		{4635B781-A1A1-40A3-B57D-26CF552695BB}.Debug|Mixed Platforms.Build.0 = Debug|Any CPU
		{4635B781-A1A1-40A3-B57D-26CF552695BB}.Debug|x86.ActiveCfg = Debug|Any CPU
		{4635B781-A1A1-40A3-B57D-26CF552695BB}.Release|Any CPU.ActiveCfg = Release|Any CPU
		{4635B781-A1A1-40A3-B57D-26CF552695BB}.Release|Any CPU.Build.0 = Release|Any CPU
		{4635B781-A1A1-40A3-B57D-26CF552695BB}.Release|Mixed Platforms.ActiveCfg = Release|Any CPU
		{4635B781-A1A1-40A3-B57D-26CF552695BB}.Release|Mixed Platforms.Build.0 = Release|Any CPU
		{4635B781-A1A1-40A3-B57D-26CF552695BB}.Release|x86.ActiveCfg = Release|Any CPU
		{2493FDFF-84B8-406E-98B1-98F90D0A27A4}.Debug|Any CPU.ActiveCfg = Debug|Any CPU
		{2493FDFF-84B8-406E-98B1-98F90D0A27A4}.Debug|Any CPU.Build.0 = Debug|Any CPU
		{2493FDFF-84B8-406E-98B1-98F90D0A27A4}.Debug|Mixed Platforms.ActiveCfg = Debug|Any CPU
		{2493FDFF-84B8-406E-98B1-98F90D0A27A4}.Debug|Mixed Platforms.Build.0 = Debug|Any CPU
		{2493FDFF-84B8-406E-98B1-98F90D0A27A4}.Debug|x86.ActiveCfg = Debug|Any CPU
		{2493FDFF-84B8-406E-98B1-98F90D0A27A4}.Release|Any CPU.ActiveCfg = Release|Any CPU
		{2493FDFF-84B8-406E-98B1-98F90D0A27A4}.Release|Any CPU.Build.0 = Release|Any CPU
		{2493FDFF-84B8-406E-98B1-98F90D0A27A4}.Release|Mixed Platforms.ActiveCfg = Release|Any CPU
		{2493FDFF-84B8-406E-98B1-98F90D0A27A4}.Release|Mixed Platforms.Build.0 = Release|Any CPU
		{2493FDFF-84B8-406E-98B1-98F90D0A27A4}.Release|x86.ActiveCfg = Release|Any CPU
		{49102E6E-3FD1-4B38-978F-E60E32AB534B}.Debug|Any CPU.ActiveCfg = Debug|Any CPU
		{49102E6E-3FD1-4B38-978F-E60E32AB534B}.Debug|Any CPU.Build.0 = Debug|Any CPU
		{49102E6E-3FD1-4B38-978F-E60E32AB534B}.Debug|Mixed Platforms.ActiveCfg = Debug|Any CPU
		{49102E6E-3FD1-4B38-978F-E60E32AB534B}.Debug|Mixed Platforms.Build.0 = Debug|Any CPU
		{49102E6E-3FD1-4B38-978F-E60E32AB534B}.Debug|x86.ActiveCfg = Debug|Any CPU
		{49102E6E-3FD1-4B38-978F-E60E32AB534B}.Release|Any CPU.ActiveCfg = Release|Any CPU
		{49102E6E-3FD1-4B38-978F-E60E32AB534B}.Release|Any CPU.Build.0 = Release|Any CPU
		{49102E6E-3FD1-4B38-978F-E60E32AB534B}.Release|Mixed Platforms.ActiveCfg = Release|Any CPU
		{49102E6E-3FD1-4B38-978F-E60E32AB534B}.Release|Mixed Platforms.Build.0 = Release|Any CPU
		{49102E6E-3FD1-4B38-978F-E60E32AB534B}.Release|x86.ActiveCfg = Release|Any CPU
		{6AB594B1-72EF-4886-A6D1-CC6CFF644D31}.Debug|Any CPU.ActiveCfg = Debug|Any CPU
		{6AB594B1-72EF-4886-A6D1-CC6CFF644D31}.Debug|Any CPU.Build.0 = Debug|Any CPU
		{6AB594B1-72EF-4886-A6D1-CC6CFF644D31}.Debug|Mixed Platforms.ActiveCfg = Debug|Any CPU
		{6AB594B1-72EF-4886-A6D1-CC6CFF644D31}.Debug|Mixed Platforms.Build.0 = Debug|Any CPU
		{6AB594B1-72EF-4886-A6D1-CC6CFF644D31}.Debug|x86.ActiveCfg = Debug|Any CPU
		{6AB594B1-72EF-4886-A6D1-CC6CFF644D31}.Release|Any CPU.ActiveCfg = Release|Any CPU
		{6AB594B1-72EF-4886-A6D1-CC6CFF644D31}.Release|Any CPU.Build.0 = Release|Any CPU
		{6AB594B1-72EF-4886-A6D1-CC6CFF644D31}.Release|Mixed Platforms.ActiveCfg = Release|Any CPU
		{6AB594B1-72EF-4886-A6D1-CC6CFF644D31}.Release|Mixed Platforms.Build.0 = Release|Any CPU
		{6AB594B1-72EF-4886-A6D1-CC6CFF644D31}.Release|x86.ActiveCfg = Release|Any CPU
		{B555C0C3-7F18-4DAD-A771-A0DF15D1AA4A}.Debug|Any CPU.ActiveCfg = Debug|Any CPU
		{B555C0C3-7F18-4DAD-A771-A0DF15D1AA4A}.Debug|Any CPU.Build.0 = Debug|Any CPU
		{B555C0C3-7F18-4DAD-A771-A0DF15D1AA4A}.Debug|Mixed Platforms.ActiveCfg = Debug|Any CPU
		{B555C0C3-7F18-4DAD-A771-A0DF15D1AA4A}.Debug|Mixed Platforms.Build.0 = Debug|Any CPU
		{B555C0C3-7F18-4DAD-A771-A0DF15D1AA4A}.Debug|x86.ActiveCfg = Debug|Any CPU
		{B555C0C3-7F18-4DAD-A771-A0DF15D1AA4A}.Release|Any CPU.ActiveCfg = Release|Any CPU
		{B555C0C3-7F18-4DAD-A771-A0DF15D1AA4A}.Release|Any CPU.Build.0 = Release|Any CPU
		{B555C0C3-7F18-4DAD-A771-A0DF15D1AA4A}.Release|Mixed Platforms.ActiveCfg = Release|Any CPU
		{B555C0C3-7F18-4DAD-A771-A0DF15D1AA4A}.Release|Mixed Platforms.Build.0 = Release|Any CPU
		{B555C0C3-7F18-4DAD-A771-A0DF15D1AA4A}.Release|x86.ActiveCfg = Release|Any CPU
		{60965723-BEA2-4A7B-B6EE-9E1E237504F6}.Debug|Any CPU.ActiveCfg = Debug|Any CPU
		{60965723-BEA2-4A7B-B6EE-9E1E237504F6}.Debug|Any CPU.Build.0 = Debug|Any CPU
		{60965723-BEA2-4A7B-B6EE-9E1E237504F6}.Debug|Mixed Platforms.ActiveCfg = Debug|Any CPU
		{60965723-BEA2-4A7B-B6EE-9E1E237504F6}.Debug|Mixed Platforms.Build.0 = Debug|Any CPU
		{60965723-BEA2-4A7B-B6EE-9E1E237504F6}.Debug|x86.ActiveCfg = Debug|Any CPU
		{60965723-BEA2-4A7B-B6EE-9E1E237504F6}.Release|Any CPU.ActiveCfg = Release|Any CPU
		{60965723-BEA2-4A7B-B6EE-9E1E237504F6}.Release|Any CPU.Build.0 = Release|Any CPU
		{60965723-BEA2-4A7B-B6EE-9E1E237504F6}.Release|Mixed Platforms.ActiveCfg = Release|Any CPU
		{60965723-BEA2-4A7B-B6EE-9E1E237504F6}.Release|Mixed Platforms.Build.0 = Release|Any CPU
		{60965723-BEA2-4A7B-B6EE-9E1E237504F6}.Release|x86.ActiveCfg = Release|Any CPU
		{D598A731-5CD9-4871-AC80-EE64C949E30D}.Debug|Any CPU.ActiveCfg = Debug|Any CPU
		{D598A731-5CD9-4871-AC80-EE64C949E30D}.Debug|Any CPU.Build.0 = Debug|Any CPU
		{D598A731-5CD9-4871-AC80-EE64C949E30D}.Debug|Mixed Platforms.ActiveCfg = Debug|Any CPU
		{D598A731-5CD9-4871-AC80-EE64C949E30D}.Debug|Mixed Platforms.Build.0 = Debug|Any CPU
		{D598A731-5CD9-4871-AC80-EE64C949E30D}.Debug|x86.ActiveCfg = Debug|Any CPU
		{D598A731-5CD9-4871-AC80-EE64C949E30D}.Release|Any CPU.ActiveCfg = Release|Any CPU
		{D598A731-5CD9-4871-AC80-EE64C949E30D}.Release|Any CPU.Build.0 = Release|Any CPU
		{D598A731-5CD9-4871-AC80-EE64C949E30D}.Release|Mixed Platforms.ActiveCfg = Release|Any CPU
		{D598A731-5CD9-4871-AC80-EE64C949E30D}.Release|Mixed Platforms.Build.0 = Release|Any CPU
		{D598A731-5CD9-4871-AC80-EE64C949E30D}.Release|x86.ActiveCfg = Release|Any CPU
		{FCA271AF-92ED-468B-9FE7-ECF06889AF32}.Debug|Any CPU.ActiveCfg = Debug|Any CPU
		{FCA271AF-92ED-468B-9FE7-ECF06889AF32}.Debug|Any CPU.Build.0 = Debug|Any CPU
		{FCA271AF-92ED-468B-9FE7-ECF06889AF32}.Debug|Mixed Platforms.ActiveCfg = Debug|Any CPU
		{FCA271AF-92ED-468B-9FE7-ECF06889AF32}.Debug|Mixed Platforms.Build.0 = Debug|Any CPU
		{FCA271AF-92ED-468B-9FE7-ECF06889AF32}.Debug|x86.ActiveCfg = Debug|Any CPU
		{FCA271AF-92ED-468B-9FE7-ECF06889AF32}.Release|Any CPU.ActiveCfg = Release|Any CPU
		{FCA271AF-92ED-468B-9FE7-ECF06889AF32}.Release|Any CPU.Build.0 = Release|Any CPU
		{FCA271AF-92ED-468B-9FE7-ECF06889AF32}.Release|Mixed Platforms.ActiveCfg = Release|Any CPU
		{FCA271AF-92ED-468B-9FE7-ECF06889AF32}.Release|Mixed Platforms.Build.0 = Release|Any CPU
		{FCA271AF-92ED-468B-9FE7-ECF06889AF32}.Release|x86.ActiveCfg = Release|Any CPU
	EndGlobalSection
	GlobalSection(SolutionProperties) = preSolution
		HideSolutionNode = FALSE
	EndGlobalSection
	GlobalSection(NestedProjects) = preSolution
		{EED413E3-7B40-44E5-B2DD-EC11DAA76DD2} = {DC25FCB4-8FB6-424E-A86F-464598211C37}
		{428703EE-DA8E-48F4-B8B9-CDC411D6A62C} = {DC25FCB4-8FB6-424E-A86F-464598211C37}
		{0C1F87DE-FD4D-4611-871C-2CAA07F887D2} = {DC25FCB4-8FB6-424E-A86F-464598211C37}
		{04B993CF-3A5C-4227-ADB4-77A119B12EA5} = {EED413E3-7B40-44E5-B2DD-EC11DAA76DD2}
		{60DA740D-75F7-46D2-976B-D2DB22768333} = {EED413E3-7B40-44E5-B2DD-EC11DAA76DD2}
		{F86BA9A8-A466-412E-8D18-2A17452CC348} = {F19BBC45-30AE-42FD-B261-BFB236212C30}
		{6C6439C4-0EA1-44F9-B406-664512594A1B} = {F19BBC45-30AE-42FD-B261-BFB236212C30}
		{D3A8A228-2F24-4BCE-B9B7-F4B02969F15B} = {F19BBC45-30AE-42FD-B261-BFB236212C30}
		{60965723-BEA2-4A7B-B6EE-9E1E237504F6} = {F19BBC45-30AE-42FD-B261-BFB236212C30}
		{C8CDAFC3-3071-4246-91EF-C9E8DFBDBAE4} = {EE66FB1A-52B2-4134-A915-412B6C709534}
		{CE0E4BA4-8A0D-48EC-810A-3D0109336EE5} = {EE66FB1A-52B2-4134-A915-412B6C709534}
		{65B35676-172D-4C01-BA1E-02D99083C155} = {EE66FB1A-52B2-4134-A915-412B6C709534}
		{D598A731-5CD9-4871-AC80-EE64C949E30D} = {EE66FB1A-52B2-4134-A915-412B6C709534}
		{F4327637-A4F2-4883-AF3C-E3C088C2AEFC} = {4E360604-1FC8-4523-96C8-435C31DC3442}
		{254CD19D-5495-438E-AE5D-110EB32326B7} = {4E360604-1FC8-4523-96C8-435C31DC3442}
		{4635B781-A1A1-40A3-B57D-26CF552695BB} = {4E360604-1FC8-4523-96C8-435C31DC3442}
		{2493FDFF-84B8-406E-98B1-98F90D0A27A4} = {4E360604-1FC8-4523-96C8-435C31DC3442}
		{C227A14C-6A46-4EA8-9645-20CFD50606DC} = {428703EE-DA8E-48F4-B8B9-CDC411D6A62C}
		{5E455C9C-EECF-4838-A3CB-2124632B24DE} = {428703EE-DA8E-48F4-B8B9-CDC411D6A62C}
		{FCA271AF-92ED-468B-9FE7-ECF06889AF32} = {428703EE-DA8E-48F4-B8B9-CDC411D6A62C}
		{49102E6E-3FD1-4B38-978F-E60E32AB534B} = {0C1F87DE-FD4D-4611-871C-2CAA07F887D2}
		{6AB594B1-72EF-4886-A6D1-CC6CFF644D31} = {0C1F87DE-FD4D-4611-871C-2CAA07F887D2}
		{B555C0C3-7F18-4DAD-A771-A0DF15D1AA4A} = {0C1F87DE-FD4D-4611-871C-2CAA07F887D2}
	EndGlobalSection
EndGlobal
